
Microsoft Visual Studio Solution File, Format Version 12.00
# Visual Studio Version 17
VisualStudioVersion = 17.3.32825.248
MinimumVisualStudioVersion = 10.0.40219.1
Project("{FAE04EC0-301F-11D3-BF4B-00C04F79EFBC}") = "electronics-shop", "electronics-shop.csproj", "{26073D62-447B-472C-B92E-ED88CB833064}"
EndProject
Global
	GlobalSection(SolutionConfigurationPlatforms) = preSolution
		Debug|Any CPU = Debug|Any CPU
		Release|Any CPU = Release|Any CPU
	EndGlobalSection
	GlobalSection(ProjectConfigurationPlatforms) = postSolution
		{26073D62-447B-472C-B92E-ED88CB833064}.Debug|Any CPU.ActiveCfg = Debug|Any CPU
		{26073D62-447B-472C-B92E-ED88CB833064}.Debug|Any CPU.Build.0 = Debug|Any CPU
		{26073D62-447B-472C-B92E-ED88CB833064}.Release|Any CPU.ActiveCfg = Release|Any CPU
		{26073D62-447B-472C-B92E-ED88CB833064}.Release|Any CPU.Build.0 = Release|Any CPU
	EndGlobalSection
	GlobalSection(SolutionProperties) = preSolution
		HideSolutionNode = FALSE
	EndGlobalSection
	GlobalSection(ExtensibilityGlobals) = postSolution
		SolutionGuid = {F3622C44-04AF-4305-A93C-B727B0923D06}
	EndGlobalSection
EndGlobal
